// !$*UTF8*$!
{
	archiveVersion = 1;
	classes = {
	};
	objectVersion = 46;
	objects = {

/* Begin PBXBuildFile section */
		638879601CBAC7B500D04D11 /* main.m in Sources */ = {isa = PBXBuildFile; fileRef = 6388795F1CBAC7B500D04D11 /* main.m */; };
		638879631CBAC7B500D04D11 /* AppDelegate.m in Sources */ = {isa = PBXBuildFile; fileRef = 638879621CBAC7B500D04D11 /* AppDelegate.m */; };
		638879661CBAC7B500D04D11 /* ViewController.m in Sources */ = {isa = PBXBuildFile; fileRef = 638879651CBAC7B500D04D11 /* ViewController.m */; };
		638879691CBAC7B500D04D11 /* Main.storyboard in Resources */ = {isa = PBXBuildFile; fileRef = 638879671CBAC7B500D04D11 /* Main.storyboard */; };
		6388796B1CBAC7B600D04D11 /* Assets.xcassets in Resources */ = {isa = PBXBuildFile; fileRef = 6388796A1CBAC7B600D04D11 /* Assets.xcassets */; };
		6388796E1CBAC7B600D04D11 /* LaunchScreen.storyboard in Resources */ = {isa = PBXBuildFile; fileRef = 6388796C1CBAC7B600D04D11 /* LaunchScreen.storyboard */; };
		638879791CBAC7B600D04D11 /* DynamicTableTestTests.m in Sources */ = {isa = PBXBuildFile; fileRef = 638879781CBAC7B600D04D11 /* DynamicTableTestTests.m */; };
		638879841CBAC7B600D04D11 /* DynamicTableTestUITests.m in Sources */ = {isa = PBXBuildFile; fileRef = 638879831CBAC7B600D04D11 /* DynamicTableTestUITests.m */; };
/* End PBXBuildFile section */

/* Begin PBXContainerItemProxy section */
		638879751CBAC7B600D04D11 /* PBXContainerItemProxy */ = {
			isa = PBXContainerItemProxy;
			containerPortal = 638879531CBAC7B500D04D11 /* Project object */;
			proxyType = 1;
			remoteGlobalIDString = 6388795A1CBAC7B500D04D11;
			remoteInfo = DynamicTableTest;
		};
		638879801CBAC7B600D04D11 /* PBXContainerItemProxy */ = {
			isa = PBXContainerItemProxy;
			containerPortal = 638879531CBAC7B500D04D11 /* Project object */;
			proxyType = 1;
			remoteGlobalIDString = 6388795A1CBAC7B500D04D11;
			remoteInfo = DynamicTableTest;
		};
/* End PBXContainerItemProxy section */

/* Begin PBXFileReference section */
		6388795B1CBAC7B500D04D11 /* DynamicTableTest.app */ = {isa = PBXFileReference; explicitFileType = wrapper.application; includeInIndex = 0; path = DynamicTableTest.app; sourceTree = BUILT_PRODUCTS_DIR; };
		6388795F1CBAC7B500D04D11 /* main.m */ = {isa = PBXFileReference; lastKnownFileType = sourcecode.c.objc; path = main.m; sourceTree = "<group>"; };
		638879611CBAC7B500D04D11 /* AppDelegate.h */ = {isa = PBXFileReference; lastKnownFileType = sourcecode.c.h; path = AppDelegate.h; sourceTree = "<group>"; };
		638879621CBAC7B500D04D11 /* AppDelegate.m */ = {isa = PBXFileReference; lastKnownFileType = sourcecode.c.objc; path = AppDelegate.m; sourceTree = "<group>"; };
		638879641CBAC7B500D04D11 /* ViewController.h */ = {isa = PBXFileReference; lastKnownFileType = sourcecode.c.h; path = ViewController.h; sourceTree = "<group>"; };
		638879651CBAC7B500D04D11 /* ViewController.m */ = {isa = PBXFileReference; lastKnownFileType = sourcecode.c.objc; path = ViewController.m; sourceTree = "<group>"; };
		638879681CBAC7B500D04D11 /* Base */ = {isa = PBXFileReference; lastKnownFileType = file.storyboard; name = Base; path = Base.lproj/Main.storyboard; sourceTree = "<group>"; };
		6388796A1CBAC7B600D04D11 /* Assets.xcassets */ = {isa = PBXFileReference; lastKnownFileType = folder.assetcatalog; path = Assets.xcassets; sourceTree = "<group>"; };
		6388796D1CBAC7B600D04D11 /* Base */ = {isa = PBXFileReference; lastKnownFileType = file.storyboard; name = Base; path = Base.lproj/LaunchScreen.storyboard; sourceTree = "<group>"; };
		6388796F1CBAC7B600D04D11 /* Info.plist */ = {isa = PBXFileReference; lastKnownFileType = text.plist.xml; path = Info.plist; sourceTree = "<group>"; };
		638879741CBAC7B600D04D11 /* DynamicTableTestTests.xctest */ = {isa = PBXFileReference; explicitFileType = wrapper.cfbundle; includeInIndex = 0; path = DynamicTableTestTests.xctest; sourceTree = BUILT_PRODUCTS_DIR; };
		638879781CBAC7B600D04D11 /* DynamicTableTestTests.m */ = {isa = PBXFileReference; lastKnownFileType = sourcecode.c.objc; path = DynamicTableTestTests.m; sourceTree = "<group>"; };
		6388797A1CBAC7B600D04D11 /* Info.plist */ = {isa = PBXFileReference; lastKnownFileType = text.plist.xml; path = Info.plist; sourceTree = "<group>"; };
		6388797F1CBAC7B600D04D11 /* DynamicTableTestUITests.xctest */ = {isa = PBXFileReference; explicitFileType = wrapper.cfbundle; includeInIndex = 0; path = DynamicTableTestUITests.xctest; sourceTree = BUILT_PRODUCTS_DIR; };
		638879831CBAC7B600D04D11 /* DynamicTableTestUITests.m */ = {isa = PBXFileReference; lastKnownFileType = sourcecode.c.objc; path = DynamicTableTestUITests.m; sourceTree = "<group>"; };
		638879851CBAC7B600D04D11 /* Info.plist */ = {isa = PBXFileReference; lastKnownFileType = text.plist.xml; path = Info.plist; sourceTree = "<group>"; };
/* End PBXFileReference section */

/* Begin PBXFrameworksBuildPhase section */
		638879581CBAC7B500D04D11 /* Frameworks */ = {
			isa = PBXFrameworksBuildPhase;
			buildActionMask = 2147483647;
			files = (
			);
			runOnlyForDeploymentPostprocessing = 0;
		};
		638879711CBAC7B600D04D11 /* Frameworks */ = {
			isa = PBXFrameworksBuildPhase;
			buildActionMask = 2147483647;
			files = (
			);
			runOnlyForDeploymentPostprocessing = 0;
		};
		6388797C1CBAC7B600D04D11 /* Frameworks */ = {
			isa = PBXFrameworksBuildPhase;
			buildActionMask = 2147483647;
			files = (
			);
			runOnlyForDeploymentPostprocessing = 0;
		};
/* End PBXFrameworksBuildPhase section */

/* Begin PBXGroup section */
		638879521CBAC7B500D04D11 = {
			isa = PBXGroup;
			children = (
				6388795D1CBAC7B500D04D11 /* DynamicTableTest */,
				638879771CBAC7B600D04D11 /* DynamicTableTestTests */,
				638879821CBAC7B600D04D11 /* DynamicTableTestUITests */,
				6388795C1CBAC7B500D04D11 /* Products */,
			);
			sourceTree = "<group>";
		};
		6388795C1CBAC7B500D04D11 /* Products */ = {
			isa = PBXGroup;
			children = (
				6388795B1CBAC7B500D04D11 /* DynamicTableTest.app */,
				638879741CBAC7B600D04D11 /* DynamicTableTestTests.xctest */,
				6388797F1CBAC7B600D04D11 /* DynamicTableTestUITests.xctest */,
			);
			name = Products;
			sourceTree = "<group>";
		};
		6388795D1CBAC7B500D04D11 /* DynamicTableTest */ = {
			isa = PBXGroup;
			children = (
				638879611CBAC7B500D04D11 /* AppDelegate.h */,
				638879621CBAC7B500D04D11 /* AppDelegate.m */,
				638879641CBAC7B500D04D11 /* ViewController.h */,
				638879651CBAC7B500D04D11 /* ViewController.m */,
				638879671CBAC7B500D04D11 /* Main.storyboard */,
				6388796A1CBAC7B600D04D11 /* Assets.xcassets */,
				6388796C1CBAC7B600D04D11 /* LaunchScreen.storyboard */,
				6388796F1CBAC7B600D04D11 /* Info.plist */,
				6388795E1CBAC7B500D04D11 /* Supporting Files */,
			);
			path = DynamicTableTest;
			sourceTree = "<group>";
		};
		6388795E1CBAC7B500D04D11 /* Supporting Files */ = {
			isa = PBXGroup;
			children = (
				6388795F1CBAC7B500D04D11 /* main.m */,
			);
			name = "Supporting Files";
			sourceTree = "<group>";
		};
		638879771CBAC7B600D04D11 /* DynamicTableTestTests */ = {
			isa = PBXGroup;
			children = (
				638879781CBAC7B600D04D11 /* DynamicTableTestTests.m */,
				6388797A1CBAC7B600D04D11 /* Info.plist */,
			);
			path = DynamicTableTestTests;
			sourceTree = "<group>";
		};
		638879821CBAC7B600D04D11 /* DynamicTableTestUITests */ = {
			isa = PBXGroup;
			children = (
				638879831CBAC7B600D04D11 /* DynamicTableTestUITests.m */,
				638879851CBAC7B600D04D11 /* Info.plist */,
			);
			path = DynamicTableTestUITests;
			sourceTree = "<group>";
		};
/* End PBXGroup section */

/* Begin PBXNativeTarget section */
		6388795A1CBAC7B500D04D11 /* DynamicTableTest */ = {
			isa = PBXNativeTarget;
			buildConfigurationList = 638879881CBAC7B600D04D11 /* Build configuration list for PBXNativeTarget "DynamicTableTest" */;
			buildPhases = (
				638879571CBAC7B500D04D11 /* Sources */,
				638879581CBAC7B500D04D11 /* Frameworks */,
				638879591CBAC7B500D04D11 /* Resources */,
			);
			buildRules = (
			);
			dependencies = (
			);
			name = DynamicTableTest;
			productName = DynamicTableTest;
			productReference = 6388795B1CBAC7B500D04D11 /* DynamicTableTest.app */;
			productType = "com.apple.product-type.application";
		};
		638879731CBAC7B600D04D11 /* DynamicTableTestTests */ = {
			isa = PBXNativeTarget;
			buildConfigurationList = 6388798B1CBAC7B600D04D11 /* Build configuration list for PBXNativeTarget "DynamicTableTestTests" */;
			buildPhases = (
				638879701CBAC7B600D04D11 /* Sources */,
				638879711CBAC7B600D04D11 /* Frameworks */,
				638879721CBAC7B600D04D11 /* Resources */,
			);
			buildRules = (
			);
			dependencies = (
				638879761CBAC7B600D04D11 /* PBXTargetDependency */,
			);
			name = DynamicTableTestTests;
			productName = DynamicTableTestTests;
			productReference = 638879741CBAC7B600D04D11 /* DynamicTableTestTests.xctest */;
			productType = "com.apple.product-type.bundle.unit-test";
		};
		6388797E1CBAC7B600D04D11 /* DynamicTableTestUITests */ = {
			isa = PBXNativeTarget;
			buildConfigurationList = 6388798E1CBAC7B600D04D11 /* Build configuration list for PBXNativeTarget "DynamicTableTestUITests" */;
			buildPhases = (
				6388797B1CBAC7B600D04D11 /* Sources */,
				6388797C1CBAC7B600D04D11 /* Frameworks */,
				6388797D1CBAC7B600D04D11 /* Resources */,
			);
			buildRules = (
			);
			dependencies = (
				638879811CBAC7B600D04D11 /* PBXTargetDependency */,
			);
			name = DynamicTableTestUITests;
			productName = DynamicTableTestUITests;
			productReference = 6388797F1CBAC7B600D04D11 /* DynamicTableTestUITests.xctest */;
			productType = "com.apple.product-type.bundle.ui-testing";
		};
/* End PBXNativeTarget section */

/* Begin PBXProject section */
		638879531CBAC7B500D04D11 /* Project object */ = {
			isa = PBXProject;
			attributes = {
				LastUpgradeCheck = 0730;
				ORGANIZATIONNAME = Shitikov.net;
				TargetAttributes = {
					6388795A1CBAC7B500D04D11 = {
						CreatedOnToolsVersion = 7.3;
					};
					638879731CBAC7B600D04D11 = {
						CreatedOnToolsVersion = 7.3;
						TestTargetID = 6388795A1CBAC7B500D04D11;
					};
					6388797E1CBAC7B600D04D11 = {
						CreatedOnToolsVersion = 7.3;
						TestTargetID = 6388795A1CBAC7B500D04D11;
					};
				};
			};
			buildConfigurationList = 638879561CBAC7B500D04D11 /* Build configuration list for PBXProject "DynamicTableTest" */;
			compatibilityVersion = "Xcode 3.2";
			developmentRegion = English;
			hasScannedForEncodings = 0;
			knownRegions = (
				en,
				Base,
			);
			mainGroup = 638879521CBAC7B500D04D11;
			productRefGroup = 6388795C1CBAC7B500D04D11 /* Products */;
			projectDirPath = "";
			projectRoot = "";
			targets = (
				6388795A1CBAC7B500D04D11 /* DynamicTableTest */,
				638879731CBAC7B600D04D11 /* DynamicTableTestTests */,
				6388797E1CBAC7B600D04D11 /* DynamicTableTestUITests */,
			);
		};
/* End PBXProject section */

/* Begin PBXResourcesBuildPhase section */
		638879591CBAC7B500D04D11 /* Resources */ = {
			isa = PBXResourcesBuildPhase;
			buildActionMask = 2147483647;
			files = (
				6388796E1CBAC7B600D04D11 /* LaunchScreen.storyboard in Resources */,
				6388796B1CBAC7B600D04D11 /* Assets.xcassets in Resources */,
				638879691CBAC7B500D04D11 /* Main.storyboard in Resources */,
			);
			runOnlyForDeploymentPostprocessing = 0;
		};
		638879721CBAC7B600D04D11 /* Resources */ = {
			isa = PBXResourcesBuildPhase;
			buildActionMask = 2147483647;
			files = (
			);
			runOnlyForDeploymentPostprocessing = 0;
		};
		6388797D1CBAC7B600D04D11 /* Resources */ = {
			isa = PBXResourcesBuildPhase;
			buildActionMask = 2147483647;
			files = (
			);
			runOnlyForDeploymentPostprocessing = 0;
		};
/* End PBXResourcesBuildPhase section */

/* Begin PBXSourcesBuildPhase section */
		638879571CBAC7B500D04D11 /* Sources */ = {
			isa = PBXSourcesBuildPhase;
			buildActionMask = 2147483647;
			files = (
				638879661CBAC7B500D04D11 /* ViewController.m in Sources */,
				638879631CBAC7B500D04D11 /* AppDelegate.m in Sources */,
				638879601CBAC7B500D04D11 /* main.m in Sources */,
			);
			runOnlyForDeploymentPostprocessing = 0;
		};
		638879701CBAC7B600D04D11 /* Sources */ = {
			isa = PBXSourcesBuildPhase;
			buildActionMask = 2147483647;
			files = (
				638879791CBAC7B600D04D11 /* DynamicTableTestTests.m in Sources */,
			);
			runOnlyForDeploymentPostprocessing = 0;
		};
		6388797B1CBAC7B600D04D11 /* Sources */ = {
			isa = PBXSourcesBuildPhase;
			buildActionMask = 2147483647;
			files = (
				638879841CBAC7B600D04D11 /* DynamicTableTestUITests.m in Sources */,
			);
			runOnlyForDeploymentPostprocessing = 0;
		};
/* End PBXSourcesBuildPhase section */

/* Begin PBXTargetDependency section */
		638879761CBAC7B600D04D11 /* PBXTargetDependency */ = {
			isa = PBXTargetDependency;
			target = 6388795A1CBAC7B500D04D11 /* DynamicTableTest */;
			targetProxy = 638879751CBAC7B600D04D11 /* PBXContainerItemProxy */;
		};
		638879811CBAC7B600D04D11 /* PBXTargetDependency */ = {
			isa = PBXTargetDependency;
			target = 6388795A1CBAC7B500D04D11 /* DynamicTableTest */;
			targetProxy = 638879801CBAC7B600D04D11 /* PBXContainerItemProxy */;
		};
/* End PBXTargetDependency section */

/* Begin PBXVariantGroup section */
		638879671CBAC7B500D04D11 /* Main.storyboard */ = {
			isa = PBXVariantGroup;
			children = (
				638879681CBAC7B500D04D11 /* Base */,
			);
			name = Main.storyboard;
			sourceTree = "<group>";
		};
		6388796C1CBAC7B600D04D11 /* LaunchScreen.storyboard */ = {
			isa = PBXVariantGroup;
			children = (
				6388796D1CBAC7B600D04D11 /* Base */,
			);
			name = LaunchScreen.storyboard;
			sourceTree = "<group>";
		};
/* End PBXVariantGroup section */

/* Begin XCBuildConfiguration section */
		638879861CBAC7B600D04D11 /* Debug */ = {
			isa = XCBuildConfiguration;
			buildSettings = {
				ALWAYS_SEARCH_USER_PATHS = NO;
				CLANG_ANALYZER_NONNULL = YES;
				CLANG_CXX_LANGUAGE_STANDARD = "gnu++0x";
				CLANG_CXX_LIBRARY = "libc++";
				CLANG_ENABLE_MODULES = YES;
				CLANG_ENABLE_OBJC_ARC = YES;
				CLANG_WARN_BOOL_CONVERSION = YES;
				CLANG_WARN_CONSTANT_CONVERSION = YES;
				CLANG_WARN_DIRECT_OBJC_ISA_USAGE = YES_ERROR;
				CLANG_WARN_EMPTY_BODY = YES;
				CLANG_WARN_ENUM_CONVERSION = YES;
				CLANG_WARN_INT_CONVERSION = YES;
				CLANG_WARN_OBJC_ROOT_CLASS = YES_ERROR;
				CLANG_WARN_UNREACHABLE_CODE = YES;
				CLANG_WARN__DUPLICATE_METHOD_MATCH = YES;
				"CODE_SIGN_IDENTITY[sdk=iphoneos*]" = "iPhone Developer";
				COPY_PHASE_STRIP = NO;
				DEBUG_INFORMATION_FORMAT = dwarf;
				ENABLE_STRICT_OBJC_MSGSEND = YES;
				ENABLE_TESTABILITY = YES;
				GCC_C_LANGUAGE_STANDARD = gnu99;
				GCC_DYNAMIC_NO_PIC = NO;
				GCC_NO_COMMON_BLOCKS = YES;
				GCC_OPTIMIZATION_LEVEL = 0;
				GCC_PREPROCESSOR_DEFINITIONS = (
					"DEBUG=1",
					"$(inherited)",
				);
				GCC_WARN_64_TO_32_BIT_CONVERSION = YES;
				GCC_WARN_ABOUT_RETURN_TYPE = YES_ERROR;
				GCC_WARN_UNDECLARED_SELECTOR = YES;
				GCC_WARN_UNINITIALIZED_AUTOS = YES_AGGRESSIVE;
				GCC_WARN_UNUSED_FUNCTION = YES;
				GCC_WARN_UNUSED_VARIABLE = YES;
				IPHONEOS_DEPLOYMENT_TARGET = 9.3;
				MTL_ENABLE_DEBUG_INFO = YES;
				ONLY_ACTIVE_ARCH = YES;
				SDKROOT = iphoneos;
			};
			name = Debug;
		};
		638879871CBAC7B600D04D11 /* Release */ = {
			isa = XCBuildConfiguration;
			buildSettings = {
				ALWAYS_SEARCH_USER_PATHS = NO;
				CLANG_ANALYZER_NONNULL = YES;
				CLANG_CXX_LANGUAGE_STANDARD = "gnu++0x";
				CLANG_CXX_LIBRARY = "libc++";
				CLANG_ENABLE_MODULES = YES;
				CLANG_ENABLE_OBJC_ARC = YES;
				CLANG_WARN_BOOL_CONVERSION = YES;
				CLANG_WARN_CONSTANT_CONVERSION = YES;
				CLANG_WARN_DIRECT_OBJC_ISA_USAGE = YES_ERROR;
				CLANG_WARN_EMPTY_BODY = YES;
				CLANG_WARN_ENUM_CONVERSION = YES;
				CLANG_WARN_INT_CONVERSION = YES;
				CLANG_WARN_OBJC_ROOT_CLASS = YES_ERROR;
				CLANG_WARN_UNREACHABLE_CODE = YES;
				CLANG_WARN__DUPLICATE_METHOD_MATCH = YES;
				"CODE_SIGN_IDENTITY[sdk=iphoneos*]" = "iPhone Developer";
				COPY_PHASE_STRIP = NO;
				DEBUG_INFORMATION_FORMAT = "dwarf-with-dsym";
				ENABLE_NS_ASSERTIONS = NO;
				ENABLE_STRICT_OBJC_MSGSEND = YES;
				GCC_C_LANGUAGE_STANDARD = gnu99;
				GCC_NO_COMMON_BLOCKS = YES;
				GCC_WARN_64_TO_32_BIT_CONVERSION = YES;
				GCC_WARN_ABOUT_RETURN_TYPE = YES_ERROR;
				GCC_WARN_UNDECLARED_SELECTOR = YES;
				GCC_WARN_UNINITIALIZED_AUTOS = YES_AGGRESSIVE;
				GCC_WARN_UNUSED_FUNCTION = YES;
				GCC_WARN_UNUSED_VARIABLE = YES;
				IPHONEOS_DEPLOYMENT_TARGET = 9.3;
				MTL_ENABLE_DEBUG_INFO = NO;
				SDKROOT = iphoneos;
				VALIDATE_PRODUCT = YES;
			};
			name = Release;
		};
		638879891CBAC7B600D04D11 /* Debug */ = {
			isa = XCBuildConfiguration;
			buildSettings = {
				ASSETCATALOG_COMPILER_APPICON_NAME = AppIcon;
				INFOPLIST_FILE = DynamicTableTest/Info.plist;
				LD_RUNPATH_SEARCH_PATHS = "$(inherited) @executable_path/Frameworks";
				PRODUCT_BUNDLE_IDENTIFIER = Shitikov.DynamicTableTest;
				PRODUCT_NAME = "$(TARGET_NAME)";
			};
			name = Debug;
		};
		6388798A1CBAC7B600D04D11 /* Release */ = {
			isa = XCBuildConfiguration;
			buildSettings = {
				ASSETCATALOG_COMPILER_APPICON_NAME = AppIcon;
				INFOPLIST_FILE = DynamicTableTest/Info.plist;
				LD_RUNPATH_SEARCH_PATHS = "$(inherited) @executable_path/Frameworks";
				PRODUCT_BUNDLE_IDENTIFIER = Shitikov.DynamicTableTest;
				PRODUCT_NAME = "$(TARGET_NAME)";
			};
			name = Release;
		};
		6388798C1CBAC7B600D04D11 /* Debug */ = {
			isa = XCBuildConfiguration;
			buildSettings = {
				BUNDLE_LOADER = "$(TEST_HOST)";
				INFOPLIST_FILE = DynamicTableTestTests/Info.plist;
				LD_RUNPATH_SEARCH_PATHS = "$(inherited) @executable_path/Frameworks @loader_path/Frameworks";
				PRODUCT_BUNDLE_IDENTIFIER = Shitikov.DynamicTableTestTests;
				PRODUCT_NAME = "$(TARGET_NAME)";
				TEST_HOST = "$(BUILT_PRODUCTS_DIR)/DynamicTableTest.app/DynamicTableTest";
			};
			name = Debug;
		};
		6388798D1CBAC7B600D04D11 /* Release */ = {
			isa = XCBuildConfiguration;
			buildSettings = {
				BUNDLE_LOADER = "$(TEST_HOST)";
				INFOPLIST_FILE = DynamicTableTestTests/Info.plist;
				LD_RUNPATH_SEARCH_PATHS = "$(inherited) @executable_path/Frameworks @loader_path/Frameworks";
				PRODUCT_BUNDLE_IDENTIFIER = Shitikov.DynamicTableTestTests;
				PRODUCT_NAME = "$(TARGET_NAME)";
				TEST_HOST = "$(BUILT_PRODUCTS_DIR)/DynamicTableTest.app/DynamicTableTest";
			};
			name = Release;
		};
		6388798F1CBAC7B600D04D11 /* Debug */ = {
			isa = XCBuildConfiguration;
			buildSettings = {
				INFOPLIST_FILE = DynamicTableTestUITests/Info.plist;
				LD_RUNPATH_SEARCH_PATHS = "$(inherited) @executable_path/Frameworks @loader_path/Frameworks";
				PRODUCT_BUNDLE_IDENTIFIER = Shitikov.DynamicTableTestUITests;
				PRODUCT_NAME = "$(TARGET_NAME)";
				TEST_TARGET_NAME = DynamicTableTest;
			};
			name = Debug;
		};
		638879901CBAC7B600D04D11 /* Release */ = {
			isa = XCBuildConfiguration;
			buildSettings = {
				INFOPLIST_FILE = DynamicTableTestUITests/Info.plist;
				LD_RUNPATH_SEARCH_PATHS = "$(inherited) @executable_path/Frameworks @loader_path/Frameworks";
				PRODUCT_BUNDLE_IDENTIFIER = Shitikov.DynamicTableTestUITests;
				PRODUCT_NAME = "$(TARGET_NAME)";
				TEST_TARGET_NAME = DynamicTableTest;
			};
			name = Release;
		};
/* End XCBuildConfiguration section */

/* Begin XCConfigurationList section */
		638879561CBAC7B500D04D11 /* Build configuration list for PBXProject "DynamicTableTest" */ = {
			isa = XCConfigurationList;
			buildConfigurations = (
				638879861CBAC7B600D04D11 /* Debug */,
				638879871CBAC7B600D04D11 /* Release */,
			);
			defaultConfigurationIsVisible = 0;
			defaultConfigurationName = Release;
		};
		638879881CBAC7B600D04D11 /* Build configuration list for PBXNativeTarget "DynamicTableTest" */ = {
			isa = XCConfigurationList;
			buildConfigurations = (
				638879891CBAC7B600D04D11 /* Debug */,
				6388798A1CBAC7B600D04D11 /* Release */,
			);
			defaultConfigurationIsVisible = 0;
		};
		6388798B1CBAC7B600D04D11 /* Build configuration list for PBXNativeTarget "DynamicTableTestTests" */ = {
			isa = XCConfigurationList;
			buildConfigurations = (
				6388798C1CBAC7B600D04D11 /* Debug */,
				6388798D1CBAC7B600D04D11 /* Release */,
			);
			defaultConfigurationIsVisible = 0;
		};
		6388798E1CBAC7B600D04D11 /* Build configuration list for PBXNativeTarget "DynamicTableTestUITests" */ = {
			isa = XCConfigurationList;
			buildConfigurations = (
				6388798F1CBAC7B600D04D11 /* Debug */,
				638879901CBAC7B600D04D11 /* Release */,
			);
			defaultConfigurationIsVisible = 0;
		};
/* End XCConfigurationList section */
	};
	rootObject = 638879531CBAC7B500D04D11 /* Project object */;
}
